
Microsoft Visual Studio Solution File, Format Version 12.00
# Visual Studio 14
VisualStudioVersion = 14.0.25123.0
MinimumVisualStudioVersion = 10.0.40219.1
Project("{2150E333-8FDC-42A3-9474-1A3956D46DE8}") = "src", "src", "{F031D30B-35A0-432F-8E84-943BC9E3B34F}"
EndProject
Project("{2150E333-8FDC-42A3-9474-1A3956D46DE8}") = "Solution Items", "Solution Items", "{15018028-6BE9-47BE-A29C-65F7D74A9B58}"
	ProjectSection(SolutionItems) = preProject
		global.json = global.json
	EndProjectSection
EndProject
Project("{8BB2217D-0F2D-49D1-97BC-3654ED321F3B}") = "AspNetCore.Identity.PostgreSQL", "src\AspNetCore.Identity.PostgreSQL\AspNetCore.Identity.PostgreSQL.xproj", "{874256E7-0142-4E61-BDD8-F672A3994053}"
EndProject
Project("{8BB2217D-0F2D-49D1-97BC-3654ED321F3B}") = "WebTestApp", "src\WebTestApp\WebTestApp.xproj", "{90E747DF-DFD7-4F34-85B8-47C9E9CE9400}"
EndProject
Global
	GlobalSection(SolutionConfigurationPlatforms) = preSolution
		Debug|Any CPU = Debug|Any CPU
		Release|Any CPU = Release|Any CPU
	EndGlobalSection
	GlobalSection(ProjectConfigurationPlatforms) = postSolution
		{874256E7-0142-4E61-BDD8-F672A3994053}.Debug|Any CPU.ActiveCfg = Debug|Any CPU
		{874256E7-0142-4E61-BDD8-F672A3994053}.Debug|Any CPU.Build.0 = Debug|Any CPU
		{874256E7-0142-4E61-BDD8-F672A3994053}.Release|Any CPU.ActiveCfg = Release|Any CPU
		{874256E7-0142-4E61-BDD8-F672A3994053}.Release|Any CPU.Build.0 = Release|Any CPU
		{90E747DF-DFD7-4F34-85B8-47C9E9CE9400}.Debug|Any CPU.ActiveCfg = Debug|Any CPU
		{90E747DF-DFD7-4F34-85B8-47C9E9CE9400}.Debug|Any CPU.Build.0 = Debug|Any CPU
		{90E747DF-DFD7-4F34-85B8-47C9E9CE9400}.Release|Any CPU.ActiveCfg = Release|Any CPU
		{90E747DF-DFD7-4F34-85B8-47C9E9CE9400}.Release|Any CPU.Build.0 = Release|Any CPU
	EndGlobalSection
	GlobalSection(SolutionProperties) = preSolution
		HideSolutionNode = FALSE
	EndGlobalSection
	GlobalSection(NestedProjects) = preSolution
		{874256E7-0142-4E61-BDD8-F672A3994053} = {F031D30B-35A0-432F-8E84-943BC9E3B34F}
		{90E747DF-DFD7-4F34-85B8-47C9E9CE9400} = {F031D30B-35A0-432F-8E84-943BC9E3B34F}
	EndGlobalSection
EndGlobal
